// !$*UTF8*$!
{
	archiveVersion = 1;
	classes = {
	};
	objectVersion = 50;
	objects = {

/* Begin PBXBuildFile section */
		78289C53212023FB00AC50F0 /* AppDelegate.swift in Sources */ = {isa = PBXBuildFile; fileRef = 78289C52212023FB00AC50F0 /* AppDelegate.swift */; };
		78289C55212023FB00AC50F0 /* ViewController.swift in Sources */ = {isa = PBXBuildFile; fileRef = 78289C54212023FB00AC50F0 /* ViewController.swift */; };
		78289C58212023FB00AC50F0 /* Main.storyboard in Resources */ = {isa = PBXBuildFile; fileRef = 78289C56212023FB00AC50F0 /* Main.storyboard */; };
		78289C5A212023FE00AC50F0 /* Assets.xcassets in Resources */ = {isa = PBXBuildFile; fileRef = 78289C59212023FE00AC50F0 /* Assets.xcassets */; };
		78289C5D212023FE00AC50F0 /* LaunchScreen.storyboard in Resources */ = {isa = PBXBuildFile; fileRef = 78289C5B212023FE00AC50F0 /* LaunchScreen.storyboard */; };
		78289C68212023FE00AC50F0 /* Draw2DTests.swift in Sources */ = {isa = PBXBuildFile; fileRef = 78289C67212023FE00AC50F0 /* Draw2DTests.swift */; };
		78289C802120245A00AC50F0 /* DrawKit.framework in Frameworks */ = {isa = PBXBuildFile; fileRef = 78289C772120245A00AC50F0 /* DrawKit.framework */; };
		78289C872120245A00AC50F0 /* DrawKitTests.swift in Sources */ = {isa = PBXBuildFile; fileRef = 78289C862120245A00AC50F0 /* DrawKitTests.swift */; };
		78289C892120245A00AC50F0 /* DrawKit.h in Headers */ = {isa = PBXBuildFile; fileRef = 78289C792120245A00AC50F0 /* DrawKit.h */; settings = {ATTRIBUTES = (Public, ); }; };
		78289C8C2120245A00AC50F0 /* DrawKit.framework in Frameworks */ = {isa = PBXBuildFile; fileRef = 78289C772120245A00AC50F0 /* DrawKit.framework */; };
		78289C8D2120245A00AC50F0 /* DrawKit.framework in Embed Frameworks */ = {isa = PBXBuildFile; fileRef = 78289C772120245A00AC50F0 /* DrawKit.framework */; settings = {ATTRIBUTES = (CodeSignOnCopy, RemoveHeadersOnCopy, ); }; };
		78289C962120248100AC50F0 /* MyDrawView.swift in Sources */ = {isa = PBXBuildFile; fileRef = 78289C952120248100AC50F0 /* MyDrawView.swift */; };
		787FBB1C21205A4900459B88 /* DrawPathView.swift in Sources */ = {isa = PBXBuildFile; fileRef = 787FBB1B21205A4900459B88 /* DrawPathView.swift */; };
		787FBB1E21205CFF00459B88 /* ThirdBezierView.swift in Sources */ = {isa = PBXBuildFile; fileRef = 787FBB1D21205CFF00459B88 /* ThirdBezierView.swift */; };
/* End PBXBuildFile section */

/* Begin PBXContainerItemProxy section */
		78289C64212023FE00AC50F0 /* PBXContainerItemProxy */ = {
			isa = PBXContainerItemProxy;
			containerPortal = 78289C47212023FB00AC50F0 /* Project object */;
			proxyType = 1;
			remoteGlobalIDString = 78289C4E212023FB00AC50F0;
			remoteInfo = Draw2D;
		};
		78289C812120245A00AC50F0 /* PBXContainerItemProxy */ = {
			isa = PBXContainerItemProxy;
			containerPortal = 78289C47212023FB00AC50F0 /* Project object */;
			proxyType = 1;
			remoteGlobalIDString = 78289C762120245A00AC50F0;
			remoteInfo = DrawKit;
		};
		78289C832120245A00AC50F0 /* PBXContainerItemProxy */ = {
			isa = PBXContainerItemProxy;
			containerPortal = 78289C47212023FB00AC50F0 /* Project object */;
			proxyType = 1;
			remoteGlobalIDString = 78289C4E212023FB00AC50F0;
			remoteInfo = Draw2D;
		};
		78289C8A2120245A00AC50F0 /* PBXContainerItemProxy */ = {
			isa = PBXContainerItemProxy;
			containerPortal = 78289C47212023FB00AC50F0 /* Project object */;
			proxyType = 1;
			remoteGlobalIDString = 78289C762120245A00AC50F0;
			remoteInfo = DrawKit;
		};
/* End PBXContainerItemProxy section */

/* Begin PBXCopyFilesBuildPhase section */
		78289C912120245A00AC50F0 /* Embed Frameworks */ = {
			isa = PBXCopyFilesBuildPhase;
			buildActionMask = 2147483647;
			dstPath = "";
			dstSubfolderSpec = 10;
			files = (
				78289C8D2120245A00AC50F0 /* DrawKit.framework in Embed Frameworks */,
			);
			name = "Embed Frameworks";
			runOnlyForDeploymentPostprocessing = 0;
		};
/* End PBXCopyFilesBuildPhase section */

/* Begin PBXFileReference section */
		78289C4F212023FB00AC50F0 /* Draw2D.app */ = {isa = PBXFileReference; explicitFileType = wrapper.application; includeInIndex = 0; path = Draw2D.app; sourceTree = BUILT_PRODUCTS_DIR; };
		78289C52212023FB00AC50F0 /* AppDelegate.swift */ = {isa = PBXFileReference; lastKnownFileType = sourcecode.swift; path = AppDelegate.swift; sourceTree = "<group>"; };
		78289C54212023FB00AC50F0 /* ViewController.swift */ = {isa = PBXFileReference; lastKnownFileType = sourcecode.swift; path = ViewController.swift; sourceTree = "<group>"; };
		78289C57212023FB00AC50F0 /* Base */ = {isa = PBXFileReference; lastKnownFileType = file.storyboard; name = Base; path = Base.lproj/Main.storyboard; sourceTree = "<group>"; };
		78289C59212023FE00AC50F0 /* Assets.xcassets */ = {isa = PBXFileReference; lastKnownFileType = folder.assetcatalog; path = Assets.xcassets; sourceTree = "<group>"; };
		78289C5C212023FE00AC50F0 /* Base */ = {isa = PBXFileReference; lastKnownFileType = file.storyboard; name = Base; path = Base.lproj/LaunchScreen.storyboard; sourceTree = "<group>"; };
		78289C5E212023FE00AC50F0 /* Info.plist */ = {isa = PBXFileReference; lastKnownFileType = text.plist.xml; path = Info.plist; sourceTree = "<group>"; };
		78289C63212023FE00AC50F0 /* Draw2DTests.xctest */ = {isa = PBXFileReference; explicitFileType = wrapper.cfbundle; includeInIndex = 0; path = Draw2DTests.xctest; sourceTree = BUILT_PRODUCTS_DIR; };
		78289C67212023FE00AC50F0 /* Draw2DTests.swift */ = {isa = PBXFileReference; lastKnownFileType = sourcecode.swift; path = Draw2DTests.swift; sourceTree = "<group>"; };
		78289C69212023FE00AC50F0 /* Info.plist */ = {isa = PBXFileReference; lastKnownFileType = text.plist.xml; path = Info.plist; sourceTree = "<group>"; };
		78289C772120245A00AC50F0 /* DrawKit.framework */ = {isa = PBXFileReference; explicitFileType = wrapper.framework; includeInIndex = 0; path = DrawKit.framework; sourceTree = BUILT_PRODUCTS_DIR; };
		78289C792120245A00AC50F0 /* DrawKit.h */ = {isa = PBXFileReference; lastKnownFileType = sourcecode.c.h; path = DrawKit.h; sourceTree = "<group>"; };
		78289C7A2120245A00AC50F0 /* Info.plist */ = {isa = PBXFileReference; lastKnownFileType = text.plist.xml; path = Info.plist; sourceTree = "<group>"; };
		78289C7F2120245A00AC50F0 /* DrawKitTests.xctest */ = {isa = PBXFileReference; explicitFileType = wrapper.cfbundle; includeInIndex = 0; path = DrawKitTests.xctest; sourceTree = BUILT_PRODUCTS_DIR; };
		78289C862120245A00AC50F0 /* DrawKitTests.swift */ = {isa = PBXFileReference; lastKnownFileType = sourcecode.swift; path = DrawKitTests.swift; sourceTree = "<group>"; };
		78289C882120245A00AC50F0 /* Info.plist */ = {isa = PBXFileReference; lastKnownFileType = text.plist.xml; path = Info.plist; sourceTree = "<group>"; };
		78289C952120248100AC50F0 /* MyDrawView.swift */ = {isa = PBXFileReference; lastKnownFileType = sourcecode.swift; path = MyDrawView.swift; sourceTree = "<group>"; };
		787FBB1B21205A4900459B88 /* DrawPathView.swift */ = {isa = PBXFileReference; lastKnownFileType = sourcecode.swift; path = DrawPathView.swift; sourceTree = "<group>"; };
		787FBB1D21205CFF00459B88 /* ThirdBezierView.swift */ = {isa = PBXFileReference; lastKnownFileType = sourcecode.swift; path = ThirdBezierView.swift; sourceTree = "<group>"; };
/* End PBXFileReference section */

/* Begin PBXFrameworksBuildPhase section */
		78289C4C212023FB00AC50F0 /* Frameworks */ = {
			isa = PBXFrameworksBuildPhase;
			buildActionMask = 2147483647;
			files = (
				78289C8C2120245A00AC50F0 /* DrawKit.framework in Frameworks */,
			);
			runOnlyForDeploymentPostprocessing = 0;
		};
		78289C60212023FE00AC50F0 /* Frameworks */ = {
			isa = PBXFrameworksBuildPhase;
			buildActionMask = 2147483647;
			files = (
			);
			runOnlyForDeploymentPostprocessing = 0;
		};
		78289C732120245A00AC50F0 /* Frameworks */ = {
			isa = PBXFrameworksBuildPhase;
			buildActionMask = 2147483647;
			files = (
			);
			runOnlyForDeploymentPostprocessing = 0;
		};
		78289C7C2120245A00AC50F0 /* Frameworks */ = {
			isa = PBXFrameworksBuildPhase;
			buildActionMask = 2147483647;
			files = (
				78289C802120245A00AC50F0 /* DrawKit.framework in Frameworks */,
			);
			runOnlyForDeploymentPostprocessing = 0;
		};
/* End PBXFrameworksBuildPhase section */

/* Begin PBXGroup section */
		78289C46212023FB00AC50F0 = {
			isa = PBXGroup;
			children = (
				78289C51212023FB00AC50F0 /* Draw2D */,
				78289C66212023FE00AC50F0 /* Draw2DTests */,
				78289C782120245A00AC50F0 /* DrawKit */,
				78289C852120245A00AC50F0 /* DrawKitTests */,
				78289C50212023FB00AC50F0 /* Products */,
			);
			sourceTree = "<group>";
		};
		78289C50212023FB00AC50F0 /* Products */ = {
			isa = PBXGroup;
			children = (
				78289C4F212023FB00AC50F0 /* Draw2D.app */,
				78289C63212023FE00AC50F0 /* Draw2DTests.xctest */,
				78289C772120245A00AC50F0 /* DrawKit.framework */,
				78289C7F2120245A00AC50F0 /* DrawKitTests.xctest */,
			);
			name = Products;
			sourceTree = "<group>";
		};
		78289C51212023FB00AC50F0 /* Draw2D */ = {
			isa = PBXGroup;
			children = (
				78289C52212023FB00AC50F0 /* AppDelegate.swift */,
				78289C54212023FB00AC50F0 /* ViewController.swift */,
				78289C56212023FB00AC50F0 /* Main.storyboard */,
				78289C59212023FE00AC50F0 /* Assets.xcassets */,
				78289C5B212023FE00AC50F0 /* LaunchScreen.storyboard */,
				78289C5E212023FE00AC50F0 /* Info.plist */,
			);
			path = Draw2D;
			sourceTree = "<group>";
		};
		78289C66212023FE00AC50F0 /* Draw2DTests */ = {
			isa = PBXGroup;
			children = (
				78289C67212023FE00AC50F0 /* Draw2DTests.swift */,
				78289C69212023FE00AC50F0 /* Info.plist */,
			);
			path = Draw2DTests;
			sourceTree = "<group>";
		};
		78289C782120245A00AC50F0 /* DrawKit */ = {
			isa = PBXGroup;
			children = (
				78289C792120245A00AC50F0 /* DrawKit.h */,
				78289C7A2120245A00AC50F0 /* Info.plist */,
				78289C952120248100AC50F0 /* MyDrawView.swift */,
				787FBB1B21205A4900459B88 /* DrawPathView.swift */,
				787FBB1D21205CFF00459B88 /* ThirdBezierView.swift */,
			);
			path = DrawKit;
			sourceTree = "<group>";
		};
		78289C852120245A00AC50F0 /* DrawKitTests */ = {
			isa = PBXGroup;
			children = (
				78289C862120245A00AC50F0 /* DrawKitTests.swift */,
				78289C882120245A00AC50F0 /* Info.plist */,
			);
			path = DrawKitTests;
			sourceTree = "<group>";
		};
/* End PBXGroup section */

/* Begin PBXHeadersBuildPhase section */
		78289C742120245A00AC50F0 /* Headers */ = {
			isa = PBXHeadersBuildPhase;
			buildActionMask = 2147483647;
			files = (
				78289C892120245A00AC50F0 /* DrawKit.h in Headers */,
			);
			runOnlyForDeploymentPostprocessing = 0;
		};
/* End PBXHeadersBuildPhase section */

/* Begin PBXNativeTarget section */
		78289C4E212023FB00AC50F0 /* Draw2D */ = {
			isa = PBXNativeTarget;
			buildConfigurationList = 78289C6C212023FE00AC50F0 /* Build configuration list for PBXNativeTarget "Draw2D" */;
			buildPhases = (
				78289C4B212023FB00AC50F0 /* Sources */,
				78289C4C212023FB00AC50F0 /* Frameworks */,
				78289C4D212023FB00AC50F0 /* Resources */,
				78289C912120245A00AC50F0 /* Embed Frameworks */,
			);
			buildRules = (
			);
			dependencies = (
				78289C8B2120245A00AC50F0 /* PBXTargetDependency */,
			);
			name = Draw2D;
			productName = Draw2D;
			productReference = 78289C4F212023FB00AC50F0 /* Draw2D.app */;
			productType = "com.apple.product-type.application";
		};
		78289C62212023FE00AC50F0 /* Draw2DTests */ = {
			isa = PBXNativeTarget;
			buildConfigurationList = 78289C6F212023FE00AC50F0 /* Build configuration list for PBXNativeTarget "Draw2DTests" */;
			buildPhases = (
				78289C5F212023FE00AC50F0 /* Sources */,
				78289C60212023FE00AC50F0 /* Frameworks */,
				78289C61212023FE00AC50F0 /* Resources */,
			);
			buildRules = (
			);
			dependencies = (
				78289C65212023FE00AC50F0 /* PBXTargetDependency */,
			);
			name = Draw2DTests;
			productName = Draw2DTests;
			productReference = 78289C63212023FE00AC50F0 /* Draw2DTests.xctest */;
			productType = "com.apple.product-type.bundle.unit-test";
		};
		78289C762120245A00AC50F0 /* DrawKit */ = {
			isa = PBXNativeTarget;
			buildConfigurationList = 78289C8E2120245A00AC50F0 /* Build configuration list for PBXNativeTarget "DrawKit" */;
			buildPhases = (
				78289C722120245A00AC50F0 /* Sources */,
				78289C732120245A00AC50F0 /* Frameworks */,
				78289C742120245A00AC50F0 /* Headers */,
				78289C752120245A00AC50F0 /* Resources */,
			);
			buildRules = (
			);
			dependencies = (
			);
			name = DrawKit;
			productName = DrawKit;
			productReference = 78289C772120245A00AC50F0 /* DrawKit.framework */;
			productType = "com.apple.product-type.framework";
		};
		78289C7E2120245A00AC50F0 /* DrawKitTests */ = {
			isa = PBXNativeTarget;
			buildConfigurationList = 78289C922120245A00AC50F0 /* Build configuration list for PBXNativeTarget "DrawKitTests" */;
			buildPhases = (
				78289C7B2120245A00AC50F0 /* Sources */,
				78289C7C2120245A00AC50F0 /* Frameworks */,
				78289C7D2120245A00AC50F0 /* Resources */,
			);
			buildRules = (
			);
			dependencies = (
				78289C822120245A00AC50F0 /* PBXTargetDependency */,
				78289C842120245A00AC50F0 /* PBXTargetDependency */,
			);
			name = DrawKitTests;
			productName = DrawKitTests;
			productReference = 78289C7F2120245A00AC50F0 /* DrawKitTests.xctest */;
			productType = "com.apple.product-type.bundle.unit-test";
		};
/* End PBXNativeTarget section */

/* Begin PBXProject section */
		78289C47212023FB00AC50F0 /* Project object */ = {
			isa = PBXProject;
			attributes = {
				LastSwiftUpdateCheck = 0940;
				LastUpgradeCheck = 0940;
				ORGANIZATIONNAME = HanGyoJeong;
				TargetAttributes = {
					78289C4E212023FB00AC50F0 = {
						CreatedOnToolsVersion = 9.4;
					};
					78289C62212023FE00AC50F0 = {
						CreatedOnToolsVersion = 9.4;
						TestTargetID = 78289C4E212023FB00AC50F0;
					};
					78289C762120245A00AC50F0 = {
						CreatedOnToolsVersion = 9.4;
						LastSwiftMigration = 0940;
					};
					78289C7E2120245A00AC50F0 = {
						CreatedOnToolsVersion = 9.4;
						TestTargetID = 78289C4E212023FB00AC50F0;
					};
				};
			};
			buildConfigurationList = 78289C4A212023FB00AC50F0 /* Build configuration list for PBXProject "Draw2D" */;
			compatibilityVersion = "Xcode 9.3";
			developmentRegion = en;
			hasScannedForEncodings = 0;
			knownRegions = (
				en,
				Base,
			);
			mainGroup = 78289C46212023FB00AC50F0;
			productRefGroup = 78289C50212023FB00AC50F0 /* Products */;
			projectDirPath = "";
			projectRoot = "";
			targets = (
				78289C4E212023FB00AC50F0 /* Draw2D */,
				78289C62212023FE00AC50F0 /* Draw2DTests */,
				78289C762120245A00AC50F0 /* DrawKit */,
				78289C7E2120245A00AC50F0 /* DrawKitTests */,
			);
		};
/* End PBXProject section */

/* Begin PBXResourcesBuildPhase section */
		78289C4D212023FB00AC50F0 /* Resources */ = {
			isa = PBXResourcesBuildPhase;
			buildActionMask = 2147483647;
			files = (
				78289C5D212023FE00AC50F0 /* LaunchScreen.storyboard in Resources */,
				78289C5A212023FE00AC50F0 /* Assets.xcassets in Resources */,
				78289C58212023FB00AC50F0 /* Main.storyboard in Resources */,
			);
			runOnlyForDeploymentPostprocessing = 0;
		};
		78289C61212023FE00AC50F0 /* Resources */ = {
			isa = PBXResourcesBuildPhase;
			buildActionMask = 2147483647;
			files = (
			);
			runOnlyForDeploymentPostprocessing = 0;
		};
		78289C752120245A00AC50F0 /* Resources */ = {
			isa = PBXResourcesBuildPhase;
			buildActionMask = 2147483647;
			files = (
			);
			runOnlyForDeploymentPostprocessing = 0;
		};
		78289C7D2120245A00AC50F0 /* Resources */ = {
			isa = PBXResourcesBuildPhase;
			buildActionMask = 2147483647;
			files = (
			);
			runOnlyForDeploymentPostprocessing = 0;
		};
/* End PBXResourcesBuildPhase section */

/* Begin PBXSourcesBuildPhase section */
		78289C4B212023FB00AC50F0 /* Sources */ = {
			isa = PBXSourcesBuildPhase;
			buildActionMask = 2147483647;
			files = (
				78289C55212023FB00AC50F0 /* ViewController.swift in Sources */,
				78289C53212023FB00AC50F0 /* AppDelegate.swift in Sources */,
			);
			runOnlyForDeploymentPostprocessing = 0;
		};
		78289C5F212023FE00AC50F0 /* Sources */ = {
			isa = PBXSourcesBuildPhase;
			buildActionMask = 2147483647;
			files = (
				78289C68212023FE00AC50F0 /* Draw2DTests.swift in Sources */,
			);
			runOnlyForDeploymentPostprocessing = 0;
		};
		78289C722120245A00AC50F0 /* Sources */ = {
			isa = PBXSourcesBuildPhase;
			buildActionMask = 2147483647;
			files = (
				78289C962120248100AC50F0 /* MyDrawView.swift in Sources */,
				787FBB1E21205CFF00459B88 /* ThirdBezierView.swift in Sources */,
				787FBB1C21205A4900459B88 /* DrawPathView.swift in Sources */,
			);
			runOnlyForDeploymentPostprocessing = 0;
		};
		78289C7B2120245A00AC50F0 /* Sources */ = {
			isa = PBXSourcesBuildPhase;
			buildActionMask = 2147483647;
			files = (
				78289C872120245A00AC50F0 /* DrawKitTests.swift in Sources */,
			);
			runOnlyForDeploymentPostprocessing = 0;
		};
/* End PBXSourcesBuildPhase section */

/* Begin PBXTargetDependency section */
		78289C65212023FE00AC50F0 /* PBXTargetDependency */ = {
			isa = PBXTargetDependency;
			target = 78289C4E212023FB00AC50F0 /* Draw2D */;
			targetProxy = 78289C64212023FE00AC50F0 /* PBXContainerItemProxy */;
		};
		78289C822120245A00AC50F0 /* PBXTargetDependency */ = {
			isa = PBXTargetDependency;
			target = 78289C762120245A00AC50F0 /* DrawKit */;
			targetProxy = 78289C812120245A00AC50F0 /* PBXContainerItemProxy */;
		};
		78289C842120245A00AC50F0 /* PBXTargetDependency */ = {
			isa = PBXTargetDependency;
			target = 78289C4E212023FB00AC50F0 /* Draw2D */;
			targetProxy = 78289C832120245A00AC50F0 /* PBXContainerItemProxy */;
		};
		78289C8B2120245A00AC50F0 /* PBXTargetDependency */ = {
			isa = PBXTargetDependency;
			target = 78289C762120245A00AC50F0 /* DrawKit */;
			targetProxy = 78289C8A2120245A00AC50F0 /* PBXContainerItemProxy */;
		};
/* End PBXTargetDependency section */

/* Begin PBXVariantGroup section */
		78289C56212023FB00AC50F0 /* Main.storyboard */ = {
			isa = PBXVariantGroup;
			children = (
				78289C57212023FB00AC50F0 /* Base */,
			);
			name = Main.storyboard;
			sourceTree = "<group>";
		};
		78289C5B212023FE00AC50F0 /* LaunchScreen.storyboard */ = {
			isa = PBXVariantGroup;
			children = (
				78289C5C212023FE00AC50F0 /* Base */,
			);
			name = LaunchScreen.storyboard;
			sourceTree = "<group>";
		};
/* End PBXVariantGroup section */

/* Begin XCBuildConfiguration section */
		78289C6A212023FE00AC50F0 /* Debug */ = {
			isa = XCBuildConfiguration;
			buildSettings = {
				ALWAYS_SEARCH_USER_PATHS = NO;
				CLANG_ANALYZER_NONNULL = YES;
				CLANG_ANALYZER_NUMBER_OBJECT_CONVERSION = YES_AGGRESSIVE;
				CLANG_CXX_LANGUAGE_STANDARD = "gnu++14";
				CLANG_CXX_LIBRARY = "libc++";
				CLANG_ENABLE_MODULES = YES;
				CLANG_ENABLE_OBJC_ARC = YES;
				CLANG_ENABLE_OBJC_WEAK = YES;
				CLANG_WARN_BLOCK_CAPTURE_AUTORELEASING = YES;
				CLANG_WARN_BOOL_CONVERSION = YES;
				CLANG_WARN_COMMA = YES;
				CLANG_WARN_CONSTANT_CONVERSION = YES;
				CLANG_WARN_DEPRECATED_OBJC_IMPLEMENTATIONS = YES;
				CLANG_WARN_DIRECT_OBJC_ISA_USAGE = YES_ERROR;
				CLANG_WARN_DOCUMENTATION_COMMENTS = YES;
				CLANG_WARN_EMPTY_BODY = YES;
				CLANG_WARN_ENUM_CONVERSION = YES;
				CLANG_WARN_INFINITE_RECURSION = YES;
				CLANG_WARN_INT_CONVERSION = YES;
				CLANG_WARN_NON_LITERAL_NULL_CONVERSION = YES;
				CLANG_WARN_OBJC_IMPLICIT_RETAIN_SELF = YES;
				CLANG_WARN_OBJC_LITERAL_CONVERSION = YES;
				CLANG_WARN_OBJC_ROOT_CLASS = YES_ERROR;
				CLANG_WARN_RANGE_LOOP_ANALYSIS = YES;
				CLANG_WARN_STRICT_PROTOTYPES = YES;
				CLANG_WARN_SUSPICIOUS_MOVE = YES;
				CLANG_WARN_UNGUARDED_AVAILABILITY = YES_AGGRESSIVE;
				CLANG_WARN_UNREACHABLE_CODE = YES;
				CLANG_WARN__DUPLICATE_METHOD_MATCH = YES;
				CODE_SIGN_IDENTITY = "iPhone Developer";
				COPY_PHASE_STRIP = NO;
				DEBUG_INFORMATION_FORMAT = dwarf;
				ENABLE_STRICT_OBJC_MSGSEND = YES;
				ENABLE_TESTABILITY = YES;
				GCC_C_LANGUAGE_STANDARD = gnu11;
				GCC_DYNAMIC_NO_PIC = NO;
				GCC_NO_COMMON_BLOCKS = YES;
				GCC_OPTIMIZATION_LEVEL = 0;
				GCC_PREPROCESSOR_DEFINITIONS = (
					"DEBUG=1",
					"$(inherited)",
				);
				GCC_WARN_64_TO_32_BIT_CONVERSION = YES;
				GCC_WARN_ABOUT_RETURN_TYPE = YES_ERROR;
				GCC_WARN_UNDECLARED_SELECTOR = YES;
				GCC_WARN_UNINITIALIZED_AUTOS = YES_AGGRESSIVE;
				GCC_WARN_UNUSED_FUNCTION = YES;
				GCC_WARN_UNUSED_VARIABLE = YES;
				IPHONEOS_DEPLOYMENT_TARGET = 11.4;
				MTL_ENABLE_DEBUG_INFO = YES;
				ONLY_ACTIVE_ARCH = YES;
				SDKROOT = iphoneos;
				SWIFT_ACTIVE_COMPILATION_CONDITIONS = DEBUG;
				SWIFT_OPTIMIZATION_LEVEL = "-Onone";
			};
			name = Debug;
		};
		78289C6B212023FE00AC50F0 /* Release */ = {
			isa = XCBuildConfiguration;
			buildSettings = {
				ALWAYS_SEARCH_USER_PATHS = NO;
				CLANG_ANALYZER_NONNULL = YES;
				CLANG_ANALYZER_NUMBER_OBJECT_CONVERSION = YES_AGGRESSIVE;
				CLANG_CXX_LANGUAGE_STANDARD = "gnu++14";
				CLANG_CXX_LIBRARY = "libc++";
				CLANG_ENABLE_MODULES = YES;
				CLANG_ENABLE_OBJC_ARC = YES;
				CLANG_ENABLE_OBJC_WEAK = YES;
				CLANG_WARN_BLOCK_CAPTURE_AUTORELEASING = YES;
				CLANG_WARN_BOOL_CONVERSION = YES;
				CLANG_WARN_COMMA = YES;
				CLANG_WARN_CONSTANT_CONVERSION = YES;
				CLANG_WARN_DEPRECATED_OBJC_IMPLEMENTATIONS = YES;
				CLANG_WARN_DIRECT_OBJC_ISA_USAGE = YES_ERROR;
				CLANG_WARN_DOCUMENTATION_COMMENTS = YES;
				CLANG_WARN_EMPTY_BODY = YES;
				CLANG_WARN_ENUM_CONVERSION = YES;
				CLANG_WARN_INFINITE_RECURSION = YES;
				CLANG_WARN_INT_CONVERSION = YES;
				CLANG_WARN_NON_LITERAL_NULL_CONVERSION = YES;
				CLANG_WARN_OBJC_IMPLICIT_RETAIN_SELF = YES;
				CLANG_WARN_OBJC_LITERAL_CONVERSION = YES;
				CLANG_WARN_OBJC_ROOT_CLASS = YES_ERROR;
				CLANG_WARN_RANGE_LOOP_ANALYSIS = YES;
				CLANG_WARN_STRICT_PROTOTYPES = YES;
				CLANG_WARN_SUSPICIOUS_MOVE = YES;
				CLANG_WARN_UNGUARDED_AVAILABILITY = YES_AGGRESSIVE;
				CLANG_WARN_UNREACHABLE_CODE = YES;
				CLANG_WARN__DUPLICATE_METHOD_MATCH = YES;
				CODE_SIGN_IDENTITY = "iPhone Developer";
				COPY_PHASE_STRIP = NO;
				DEBUG_INFORMATION_FORMAT = "dwarf-with-dsym";
				ENABLE_NS_ASSERTIONS = NO;
				ENABLE_STRICT_OBJC_MSGSEND = YES;
				GCC_C_LANGUAGE_STANDARD = gnu11;
				GCC_NO_COMMON_BLOCKS = YES;
				GCC_WARN_64_TO_32_BIT_CONVERSION = YES;
				GCC_WARN_ABOUT_RETURN_TYPE = YES_ERROR;
				GCC_WARN_UNDECLARED_SELECTOR = YES;
				GCC_WARN_UNINITIALIZED_AUTOS = YES_AGGRESSIVE;
				GCC_WARN_UNUSED_FUNCTION = YES;
				GCC_WARN_UNUSED_VARIABLE = YES;
				IPHONEOS_DEPLOYMENT_TARGET = 11.4;
				MTL_ENABLE_DEBUG_INFO = NO;
				SDKROOT = iphoneos;
				SWIFT_COMPILATION_MODE = wholemodule;
				SWIFT_OPTIMIZATION_LEVEL = "-O";
				VALIDATE_PRODUCT = YES;
			};
			name = Release;
		};
		78289C6D212023FE00AC50F0 /* Debug */ = {
			isa = XCBuildConfiguration;
			buildSettings = {
				ALWAYS_EMBED_SWIFT_STANDARD_LIBRARIES = YES;
				ASSETCATALOG_COMPILER_APPICON_NAME = AppIcon;
				CODE_SIGN_STYLE = Automatic;
				INFOPLIST_FILE = Draw2D/Info.plist;
				LD_RUNPATH_SEARCH_PATHS = (
					"$(inherited)",
					"@executable_path/Frameworks",
				);
				PRODUCT_BUNDLE_IDENTIFIER = kr.hangyojeong.Draw2D;
				PRODUCT_NAME = "$(TARGET_NAME)";
				SWIFT_VERSION = 4.0;
				TARGETED_DEVICE_FAMILY = "1,2";
			};
			name = Debug;
		};
		78289C6E212023FE00AC50F0 /* Release */ = {
			isa = XCBuildConfiguration;
			buildSettings = {
				ALWAYS_EMBED_SWIFT_STANDARD_LIBRARIES = YES;
				ASSETCATALOG_COMPILER_APPICON_NAME = AppIcon;
				CODE_SIGN_STYLE = Automatic;
				INFOPLIST_FILE = Draw2D/Info.plist;
				LD_RUNPATH_SEARCH_PATHS = (
					"$(inherited)",
					"@executable_path/Frameworks",
				);
				PRODUCT_BUNDLE_IDENTIFIER = kr.hangyojeong.Draw2D;
				PRODUCT_NAME = "$(TARGET_NAME)";
				SWIFT_VERSION = 4.0;
				TARGETED_DEVICE_FAMILY = "1,2";
			};
			name = Release;
		};
		78289C70212023FE00AC50F0 /* Debug */ = {
			isa = XCBuildConfiguration;
			buildSettings = {
				ALWAYS_EMBED_SWIFT_STANDARD_LIBRARIES = YES;
				BUNDLE_LOADER = "$(TEST_HOST)";
				CODE_SIGN_STYLE = Automatic;
				INFOPLIST_FILE = Draw2DTests/Info.plist;
				LD_RUNPATH_SEARCH_PATHS = (
					"$(inherited)",
					"@executable_path/Frameworks",
					"@loader_path/Frameworks",
				);
				PRODUCT_BUNDLE_IDENTIFIER = kr.hangyojeong.Draw2DTests;
				PRODUCT_NAME = "$(TARGET_NAME)";
				SWIFT_VERSION = 4.0;
				TARGETED_DEVICE_FAMILY = "1,2";
				TEST_HOST = "$(BUILT_PRODUCTS_DIR)/Draw2D.app/Draw2D";
			};
			name = Debug;
		};
		78289C71212023FE00AC50F0 /* Release */ = {
			isa = XCBuildConfiguration;
			buildSettings = {
				ALWAYS_EMBED_SWIFT_STANDARD_LIBRARIES = YES;
				BUNDLE_LOADER = "$(TEST_HOST)";
				CODE_SIGN_STYLE = Automatic;
				INFOPLIST_FILE = Draw2DTests/Info.plist;
				LD_RUNPATH_SEARCH_PATHS = (
					"$(inherited)",
					"@executable_path/Frameworks",
					"@loader_path/Frameworks",
				);
				PRODUCT_BUNDLE_IDENTIFIER = kr.hangyojeong.Draw2DTests;
				PRODUCT_NAME = "$(TARGET_NAME)";
				SWIFT_VERSION = 4.0;
				TARGETED_DEVICE_FAMILY = "1,2";
				TEST_HOST = "$(BUILT_PRODUCTS_DIR)/Draw2D.app/Draw2D";
			};
			name = Release;
		};
		78289C8F2120245A00AC50F0 /* Debug */ = {
			isa = XCBuildConfiguration;
			buildSettings = {
				CLANG_ENABLE_MODULES = YES;
				CODE_SIGN_IDENTITY = "";
				CODE_SIGN_STYLE = Automatic;
				CURRENT_PROJECT_VERSION = 1;
				DEFINES_MODULE = YES;
				DYLIB_COMPATIBILITY_VERSION = 1;
				DYLIB_CURRENT_VERSION = 1;
				DYLIB_INSTALL_NAME_BASE = "@rpath";
				INFOPLIST_FILE = DrawKit/Info.plist;
				INSTALL_PATH = "$(LOCAL_LIBRARY_DIR)/Frameworks";
				LD_RUNPATH_SEARCH_PATHS = (
					"$(inherited)",
					"@executable_path/Frameworks",
					"@loader_path/Frameworks",
				);
				PRODUCT_BUNDLE_IDENTIFIER = kr.hangyojeong.DrawKit;
				PRODUCT_NAME = "$(TARGET_NAME:c99extidentifier)";
				SKIP_INSTALL = YES;
				SWIFT_OPTIMIZATION_LEVEL = "-Onone";
				SWIFT_VERSION = 4.0;
				TARGETED_DEVICE_FAMILY = "1,2";
				VERSIONING_SYSTEM = "apple-generic";
				VERSION_INFO_PREFIX = "";
			};
			name = Debug;
		};
		78289C902120245A00AC50F0 /* Release */ = {
			isa = XCBuildConfiguration;
			buildSettings = {
				CLANG_ENABLE_MODULES = YES;
				CODE_SIGN_IDENTITY = "";
				CODE_SIGN_STYLE = Automatic;
				CURRENT_PROJECT_VERSION = 1;
				DEFINES_MODULE = YES;
				DYLIB_COMPATIBILITY_VERSION = 1;
				DYLIB_CURRENT_VERSION = 1;
				DYLIB_INSTALL_NAME_BASE = "@rpath";
				INFOPLIST_FILE = DrawKit/Info.plist;
				INSTALL_PATH = "$(LOCAL_LIBRARY_DIR)/Frameworks";
				LD_RUNPATH_SEARCH_PATHS = (
					"$(inherited)",
					"@executable_path/Frameworks",
					"@loader_path/Frameworks",
				);
				PRODUCT_BUNDLE_IDENTIFIER = kr.hangyojeong.DrawKit;
				PRODUCT_NAME = "$(TARGET_NAME:c99extidentifier)";
				SKIP_INSTALL = YES;
				SWIFT_VERSION = 4.0;
				TARGETED_DEVICE_FAMILY = "1,2";
				VERSIONING_SYSTEM = "apple-generic";
				VERSION_INFO_PREFIX = "";
			};
			name = Release;
		};
		78289C932120245A00AC50F0 /* Debug */ = {
			isa = XCBuildConfiguration;
			buildSettings = {
				ALWAYS_EMBED_SWIFT_STANDARD_LIBRARIES = YES;
				CODE_SIGN_STYLE = Automatic;
				INFOPLIST_FILE = DrawKitTests/Info.plist;
				LD_RUNPATH_SEARCH_PATHS = (
					"$(inherited)",
					"@executable_path/Frameworks",
					"@loader_path/Frameworks",
				);
				PRODUCT_BUNDLE_IDENTIFIER = kr.hangyojeong.DrawKitTests;
				PRODUCT_NAME = "$(TARGET_NAME)";
				SWIFT_VERSION = 4.0;
				TARGETED_DEVICE_FAMILY = "1,2";
				TEST_HOST = "$(BUILT_PRODUCTS_DIR)/Draw2D.app/Draw2D";
			};
			name = Debug;
		};
		78289C942120245A00AC50F0 /* Release */ = {
			isa = XCBuildConfiguration;
			buildSettings = {
				ALWAYS_EMBED_SWIFT_STANDARD_LIBRARIES = YES;
				CODE_SIGN_STYLE = Automatic;
				INFOPLIST_FILE = DrawKitTests/Info.plist;
				LD_RUNPATH_SEARCH_PATHS = (
					"$(inherited)",
					"@executable_path/Frameworks",
					"@loader_path/Frameworks",
				);
				PRODUCT_BUNDLE_IDENTIFIER = kr.hangyojeong.DrawKitTests;
				PRODUCT_NAME = "$(TARGET_NAME)";
				SWIFT_VERSION = 4.0;
				TARGETED_DEVICE_FAMILY = "1,2";
				TEST_HOST = "$(BUILT_PRODUCTS_DIR)/Draw2D.app/Draw2D";
			};
			name = Release;
		};
/* End XCBuildConfiguration section */

/* Begin XCConfigurationList section */
		78289C4A212023FB00AC50F0 /* Build configuration list for PBXProject "Draw2D" */ = {
			isa = XCConfigurationList;
			buildConfigurations = (
				78289C6A212023FE00AC50F0 /* Debug */,
				78289C6B212023FE00AC50F0 /* Release */,
			);
			defaultConfigurationIsVisible = 0;
			defaultConfigurationName = Release;
		};
		78289C6C212023FE00AC50F0 /* Build configuration list for PBXNativeTarget "Draw2D" */ = {
			isa = XCConfigurationList;
			buildConfigurations = (
				78289C6D212023FE00AC50F0 /* Debug */,
				78289C6E212023FE00AC50F0 /* Release */,
			);
			defaultConfigurationIsVisible = 0;
			defaultConfigurationName = Release;
		};
		78289C6F212023FE00AC50F0 /* Build configuration list for PBXNativeTarget "Draw2DTests" */ = {
			isa = XCConfigurationList;
			buildConfigurations = (
				78289C70212023FE00AC50F0 /* Debug */,
				78289C71212023FE00AC50F0 /* Release */,
			);
			defaultConfigurationIsVisible = 0;
			defaultConfigurationName = Release;
		};
		78289C8E2120245A00AC50F0 /* Build configuration list for PBXNativeTarget "DrawKit" */ = {
			isa = XCConfigurationList;
			buildConfigurations = (
				78289C8F2120245A00AC50F0 /* Debug */,
				78289C902120245A00AC50F0 /* Release */,
			);
			defaultConfigurationIsVisible = 0;
			defaultConfigurationName = Release;
		};
		78289C922120245A00AC50F0 /* Build configuration list for PBXNativeTarget "DrawKitTests" */ = {
			isa = XCConfigurationList;
			buildConfigurations = (
				78289C932120245A00AC50F0 /* Debug */,
				78289C942120245A00AC50F0 /* Release */,
			);
			defaultConfigurationIsVisible = 0;
			defaultConfigurationName = Release;
		};
/* End XCConfigurationList section */
	};
	rootObject = 78289C47212023FB00AC50F0 /* Project object */;
}
